// !$*UTF8*$!
{
	archiveVersion = 1;
	classes = {
	};
	objectVersion = 50;
	objects = {

/* Begin PBXBuildFile section */
		A451B9022ED76681A4793528 /* Pods_InstagramLBTA.framework in Frameworks */ = {isa = PBXBuildFile; fileRef = BAD6DE7146BD86B93A1344C2 /* Pods_InstagramLBTA.framework */; };
		C479D9D420F9DF5C007A6337 /* AppDelegate.swift in Sources */ = {isa = PBXBuildFile; fileRef = C479D9D320F9DF5C007A6337 /* AppDelegate.swift */; };
		C479D9D620F9DF5C007A6337 /* SignUpController.swift in Sources */ = {isa = PBXBuildFile; fileRef = C479D9D520F9DF5C007A6337 /* SignUpController.swift */; };
		C479D9D920F9DF5C007A6337 /* Main.storyboard in Resources */ = {isa = PBXBuildFile; fileRef = C479D9D720F9DF5C007A6337 /* Main.storyboard */; };
		C479D9DB20F9DF64007A6337 /* Assets.xcassets in Resources */ = {isa = PBXBuildFile; fileRef = C479D9DA20F9DF64007A6337 /* Assets.xcassets */; };
		C479D9DE20F9DF64007A6337 /* LaunchScreen.storyboard in Resources */ = {isa = PBXBuildFile; fileRef = C479D9DC20F9DF64007A6337 /* LaunchScreen.storyboard */; };
		C479D9E620F9E077007A6337 /* Extensions.swift in Sources */ = {isa = PBXBuildFile; fileRef = C479D9E520F9E077007A6337 /* Extensions.swift */; };
		C4DB49B520FA948500FADBAF /* GoogleService-Info.plist in Resources */ = {isa = PBXBuildFile; fileRef = C4DB49B420FA948500FADBAF /* GoogleService-Info.plist */; };
		C4DB49BB20FBF42600FADBAF /* MainTabBarController.swift in Sources */ = {isa = PBXBuildFile; fileRef = C4DB49BA20FBF42600FADBAF /* MainTabBarController.swift */; };
		C4DB49BD20FBF77100FADBAF /* UserProfileController.swift in Sources */ = {isa = PBXBuildFile; fileRef = C4DB49BC20FBF77100FADBAF /* UserProfileController.swift */; };
		C4DB49C020FC04B300FADBAF /* UserProfileHeader.swift in Sources */ = {isa = PBXBuildFile; fileRef = C4DB49BF20FC04B300FADBAF /* UserProfileHeader.swift */; };
		C4DB49C320FC212500FADBAF /* LoginController.swift in Sources */ = {isa = PBXBuildFile; fileRef = C4DB49C220FC212500FADBAF /* LoginController.swift */; };
/* End PBXBuildFile section */

/* Begin PBXFileReference section */
		A00190621DFF473CFA620D3A /* Pods-InstagramLBTA.release.xcconfig */ = {isa = PBXFileReference; includeInIndex = 1; lastKnownFileType = text.xcconfig; name = "Pods-InstagramLBTA.release.xcconfig"; path = "Pods/Target Support Files/Pods-InstagramLBTA/Pods-InstagramLBTA.release.xcconfig"; sourceTree = "<group>"; };
		BAD6DE7146BD86B93A1344C2 /* Pods_InstagramLBTA.framework */ = {isa = PBXFileReference; explicitFileType = wrapper.framework; includeInIndex = 0; path = Pods_InstagramLBTA.framework; sourceTree = BUILT_PRODUCTS_DIR; };
		C479D9D020F9DF5C007A6337 /* InstagramLBTA.app */ = {isa = PBXFileReference; explicitFileType = wrapper.application; includeInIndex = 0; path = InstagramLBTA.app; sourceTree = BUILT_PRODUCTS_DIR; };
		C479D9D320F9DF5C007A6337 /* AppDelegate.swift */ = {isa = PBXFileReference; lastKnownFileType = sourcecode.swift; path = AppDelegate.swift; sourceTree = "<group>"; };
		C479D9D520F9DF5C007A6337 /* SignUpController.swift */ = {isa = PBXFileReference; lastKnownFileType = sourcecode.swift; path = SignUpController.swift; sourceTree = "<group>"; };
		C479D9D820F9DF5C007A6337 /* Base */ = {isa = PBXFileReference; lastKnownFileType = file.storyboard; name = Base; path = Base.lproj/Main.storyboard; sourceTree = "<group>"; };
		C479D9DA20F9DF64007A6337 /* Assets.xcassets */ = {isa = PBXFileReference; lastKnownFileType = folder.assetcatalog; path = Assets.xcassets; sourceTree = "<group>"; };
		C479D9DD20F9DF64007A6337 /* Base */ = {isa = PBXFileReference; lastKnownFileType = file.storyboard; name = Base; path = Base.lproj/LaunchScreen.storyboard; sourceTree = "<group>"; };
		C479D9DF20F9DF64007A6337 /* Info.plist */ = {isa = PBXFileReference; lastKnownFileType = text.plist.xml; path = Info.plist; sourceTree = "<group>"; };
		C479D9E520F9E077007A6337 /* Extensions.swift */ = {isa = PBXFileReference; lastKnownFileType = sourcecode.swift; path = Extensions.swift; sourceTree = "<group>"; };
		C4DB49B420FA948500FADBAF /* GoogleService-Info.plist */ = {isa = PBXFileReference; fileEncoding = 4; lastKnownFileType = text.plist.xml; path = "GoogleService-Info.plist"; sourceTree = "<group>"; };
		C4DB49BA20FBF42600FADBAF /* MainTabBarController.swift */ = {isa = PBXFileReference; lastKnownFileType = sourcecode.swift; path = MainTabBarController.swift; sourceTree = "<group>"; };
		C4DB49BC20FBF77100FADBAF /* UserProfileController.swift */ = {isa = PBXFileReference; lastKnownFileType = sourcecode.swift; path = UserProfileController.swift; sourceTree = "<group>"; };
		C4DB49BF20FC04B300FADBAF /* UserProfileHeader.swift */ = {isa = PBXFileReference; lastKnownFileType = sourcecode.swift; path = UserProfileHeader.swift; sourceTree = "<group>"; };
		C4DB49C220FC212500FADBAF /* LoginController.swift */ = {isa = PBXFileReference; lastKnownFileType = sourcecode.swift; path = LoginController.swift; sourceTree = "<group>"; };
		C9B24A22BBC67BDA8E4CCF4A /* Pods-InstagramLBTA.debug.xcconfig */ = {isa = PBXFileReference; includeInIndex = 1; lastKnownFileType = text.xcconfig; name = "Pods-InstagramLBTA.debug.xcconfig"; path = "Pods/Target Support Files/Pods-InstagramLBTA/Pods-InstagramLBTA.debug.xcconfig"; sourceTree = "<group>"; };
/* End PBXFileReference section */

/* Begin PBXFrameworksBuildPhase section */
		C479D9CD20F9DF5C007A6337 /* Frameworks */ = {
			isa = PBXFrameworksBuildPhase;
			buildActionMask = 2147483647;
			files = (
				A451B9022ED76681A4793528 /* Pods_InstagramLBTA.framework in Frameworks */,
			);
			runOnlyForDeploymentPostprocessing = 0;
		};
/* End PBXFrameworksBuildPhase section */

/* Begin PBXGroup section */
		0A09EDA9A5735CA7C1075D27 /* Pods */ = {
			isa = PBXGroup;
			children = (
				C9B24A22BBC67BDA8E4CCF4A /* Pods-InstagramLBTA.debug.xcconfig */,
				A00190621DFF473CFA620D3A /* Pods-InstagramLBTA.release.xcconfig */,
			);
			name = Pods;
			sourceTree = "<group>";
		};
		4AB9A3D00173EB0B785FCD2C /* Frameworks */ = {
			isa = PBXGroup;
			children = (
				BAD6DE7146BD86B93A1344C2 /* Pods_InstagramLBTA.framework */,
			);
			name = Frameworks;
			sourceTree = "<group>";
		};
		C479D9C720F9DF5C007A6337 = {
			isa = PBXGroup;
			children = (
				C479D9D220F9DF5C007A6337 /* InstagramLBTA */,
				C479D9D120F9DF5C007A6337 /* Products */,
				0A09EDA9A5735CA7C1075D27 /* Pods */,
				4AB9A3D00173EB0B785FCD2C /* Frameworks */,
			);
			sourceTree = "<group>";
		};
		C479D9D120F9DF5C007A6337 /* Products */ = {
			isa = PBXGroup;
			children = (
				C479D9D020F9DF5C007A6337 /* InstagramLBTA.app */,
			);
			name = Products;
			sourceTree = "<group>";
		};
		C479D9D220F9DF5C007A6337 /* InstagramLBTA */ = {
			isa = PBXGroup;
			children = (
				C4DB49C120FC210500FADBAF /* Login */,
				C4DB49BE20FC04A200FADBAF /* UserProfile */,
				C479D9D320F9DF5C007A6337 /* AppDelegate.swift */,
				C4DB49BA20FBF42600FADBAF /* MainTabBarController.swift */,
				C479D9E520F9E077007A6337 /* Extensions.swift */,
				C479D9D720F9DF5C007A6337 /* Main.storyboard */,
				C479D9DA20F9DF64007A6337 /* Assets.xcassets */,
				C479D9DC20F9DF64007A6337 /* LaunchScreen.storyboard */,
				C479D9DF20F9DF64007A6337 /* Info.plist */,
				C4DB49B420FA948500FADBAF /* GoogleService-Info.plist */,
			);
			path = InstagramLBTA;
			sourceTree = "<group>";
		};
		C4DB49BE20FC04A200FADBAF /* UserProfile */ = {
			isa = PBXGroup;
			children = (
				C4DB49BF20FC04B300FADBAF /* UserProfileHeader.swift */,
				C4DB49BC20FBF77100FADBAF /* UserProfileController.swift */,
			);
			path = UserProfile;
			sourceTree = "<group>";
		};
		C4DB49C120FC210500FADBAF /* Login */ = {
			isa = PBXGroup;
			children = (
				C479D9D520F9DF5C007A6337 /* SignUpController.swift */,
				C4DB49C220FC212500FADBAF /* LoginController.swift */,
			);
			path = Login;
			sourceTree = "<group>";
		};
/* End PBXGroup section */

/* Begin PBXNativeTarget section */
		C479D9CF20F9DF5C007A6337 /* InstagramLBTA */ = {
			isa = PBXNativeTarget;
			buildConfigurationList = C479D9E220F9DF64007A6337 /* Build configuration list for PBXNativeTarget "InstagramLBTA" */;
			buildPhases = (
				AE3984F9E644F6F243A8549C /* [CP] Check Pods Manifest.lock */,
				C479D9CC20F9DF5C007A6337 /* Sources */,
				C479D9CD20F9DF5C007A6337 /* Frameworks */,
				C479D9CE20F9DF5C007A6337 /* Resources */,
				E395816001950ECC3682906F /* [CP] Embed Pods Frameworks */,
			);
			buildRules = (
			);
			dependencies = (
			);
			name = InstagramLBTA;
			productName = InstagramLBTA;
			productReference = C479D9D020F9DF5C007A6337 /* InstagramLBTA.app */;
			productType = "com.apple.product-type.application";
		};
/* End PBXNativeTarget section */

/* Begin PBXProject section */
		C479D9C820F9DF5C007A6337 /* Project object */ = {
			isa = PBXProject;
			attributes = {
				LastSwiftUpdateCheck = 0930;
				LastUpgradeCheck = 0930;
				ORGANIZATIONNAME = "Mike Lin";
				TargetAttributes = {
					C479D9CF20F9DF5C007A6337 = {
						CreatedOnToolsVersion = 9.3;
					};
				};
			};
			buildConfigurationList = C479D9CB20F9DF5C007A6337 /* Build configuration list for PBXProject "InstagramLBTA" */;
			compatibilityVersion = "Xcode 9.3";
			developmentRegion = en;
			hasScannedForEncodings = 0;
			knownRegions = (
				en,
				Base,
			);
			mainGroup = C479D9C720F9DF5C007A6337;
			productRefGroup = C479D9D120F9DF5C007A6337 /* Products */;
			projectDirPath = "";
			projectRoot = "";
			targets = (
				C479D9CF20F9DF5C007A6337 /* InstagramLBTA */,
			);
		};
/* End PBXProject section */

/* Begin PBXResourcesBuildPhase section */
		C479D9CE20F9DF5C007A6337 /* Resources */ = {
			isa = PBXResourcesBuildPhase;
			buildActionMask = 2147483647;
			files = (
				C479D9DE20F9DF64007A6337 /* LaunchScreen.storyboard in Resources */,
				C4DB49B520FA948500FADBAF /* GoogleService-Info.plist in Resources */,
				C479D9DB20F9DF64007A6337 /* Assets.xcassets in Resources */,
				C479D9D920F9DF5C007A6337 /* Main.storyboard in Resources */,
			);
			runOnlyForDeploymentPostprocessing = 0;
		};
/* End PBXResourcesBuildPhase section */

/* Begin PBXShellScriptBuildPhase section */
		AE3984F9E644F6F243A8549C /* [CP] Check Pods Manifest.lock */ = {
			isa = PBXShellScriptBuildPhase;
			buildActionMask = 2147483647;
			files = (
			);
			inputPaths = (
				"${PODS_PODFILE_DIR_PATH}/Podfile.lock",
				"${PODS_ROOT}/Manifest.lock",
			);
			name = "[CP] Check Pods Manifest.lock";
			outputPaths = (
				"$(DERIVED_FILE_DIR)/Pods-InstagramLBTA-checkManifestLockResult.txt",
			);
			runOnlyForDeploymentPostprocessing = 0;
			shellPath = /bin/sh;
			shellScript = "diff \"${PODS_PODFILE_DIR_PATH}/Podfile.lock\" \"${PODS_ROOT}/Manifest.lock\" > /dev/null\nif [ $? != 0 ] ; then\n    # print error to STDERR\n    echo \"error: The sandbox is not in sync with the Podfile.lock. Run 'pod install' or update your CocoaPods installation.\" >&2\n    exit 1\nfi\n# This output is used by Xcode 'outputs' to avoid re-running this script phase.\necho \"SUCCESS\" > \"${SCRIPT_OUTPUT_FILE_0}\"\n";
			showEnvVarsInLog = 0;
		};
		E395816001950ECC3682906F /* [CP] Embed Pods Frameworks */ = {
			isa = PBXShellScriptBuildPhase;
			buildActionMask = 2147483647;
			files = (
			);
			inputPaths = (
				"${SRCROOT}/Pods/Target Support Files/Pods-InstagramLBTA/Pods-InstagramLBTA-frameworks.sh",
				"${BUILT_PRODUCTS_DIR}/GTMSessionFetcher/GTMSessionFetcher.framework",
				"${BUILT_PRODUCTS_DIR}/GoogleToolboxForMac/GoogleToolboxForMac.framework",
				"${BUILT_PRODUCTS_DIR}/leveldb-library/leveldb.framework",
				"${BUILT_PRODUCTS_DIR}/nanopb/nanopb.framework",
			);
			name = "[CP] Embed Pods Frameworks";
			outputPaths = (
				"${TARGET_BUILD_DIR}/${FRAMEWORKS_FOLDER_PATH}/GTMSessionFetcher.framework",
				"${TARGET_BUILD_DIR}/${FRAMEWORKS_FOLDER_PATH}/GoogleToolboxForMac.framework",
				"${TARGET_BUILD_DIR}/${FRAMEWORKS_FOLDER_PATH}/leveldb.framework",
				"${TARGET_BUILD_DIR}/${FRAMEWORKS_FOLDER_PATH}/nanopb.framework",
			);
			runOnlyForDeploymentPostprocessing = 0;
			shellPath = /bin/sh;
			shellScript = "\"${SRCROOT}/Pods/Target Support Files/Pods-InstagramLBTA/Pods-InstagramLBTA-frameworks.sh\"\n";
			showEnvVarsInLog = 0;
		};
/* End PBXShellScriptBuildPhase section */

/* Begin PBXSourcesBuildPhase section */
		C479D9CC20F9DF5C007A6337 /* Sources */ = {
			isa = PBXSourcesBuildPhase;
			buildActionMask = 2147483647;
			files = (
				C479D9D620F9DF5C007A6337 /* SignUpController.swift in Sources */,
				C479D9E620F9E077007A6337 /* Extensions.swift in Sources */,
				C4DB49BB20FBF42600FADBAF /* MainTabBarController.swift in Sources */,
				C4DB49C020FC04B300FADBAF /* UserProfileHeader.swift in Sources */,
				C4DB49BD20FBF77100FADBAF /* UserProfileController.swift in Sources */,
				C479D9D420F9DF5C007A6337 /* AppDelegate.swift in Sources */,
				C4DB49C320FC212500FADBAF /* LoginController.swift in Sources */,
			);
			runOnlyForDeploymentPostprocessing = 0;
		};
/* End PBXSourcesBuildPhase section */

/* Begin PBXVariantGroup section */
		C479D9D720F9DF5C007A6337 /* Main.storyboard */ = {
			isa = PBXVariantGroup;
			children = (
				C479D9D820F9DF5C007A6337 /* Base */,
			);
			name = Main.storyboard;
			sourceTree = "<group>";
		};
		C479D9DC20F9DF64007A6337 /* LaunchScreen.storyboard */ = {
			isa = PBXVariantGroup;
			children = (
				C479D9DD20F9DF64007A6337 /* Base */,
			);
			name = LaunchScreen.storyboard;
			sourceTree = "<group>";
		};
/* End PBXVariantGroup section */

/* Begin XCBuildConfiguration section */
		C479D9E020F9DF64007A6337 /* Debug */ = {
			isa = XCBuildConfiguration;
			buildSettings = {
				ALWAYS_SEARCH_USER_PATHS = NO;
				CLANG_ANALYZER_NONNULL = YES;
				CLANG_ANALYZER_NUMBER_OBJECT_CONVERSION = YES_AGGRESSIVE;
				CLANG_CXX_LANGUAGE_STANDARD = "gnu++14";
				CLANG_CXX_LIBRARY = "libc++";
				CLANG_ENABLE_MODULES = YES;
				CLANG_ENABLE_OBJC_ARC = YES;
				CLANG_ENABLE_OBJC_WEAK = YES;
				CLANG_WARN_BLOCK_CAPTURE_AUTORELEASING = YES;
				CLANG_WARN_BOOL_CONVERSION = YES;
				CLANG_WARN_COMMA = YES;
				CLANG_WARN_CONSTANT_CONVERSION = YES;
				CLANG_WARN_DEPRECATED_OBJC_IMPLEMENTATIONS = YES;
				CLANG_WARN_DIRECT_OBJC_ISA_USAGE = YES_ERROR;
				CLANG_WARN_DOCUMENTATION_COMMENTS = YES;
				CLANG_WARN_EMPTY_BODY = YES;
				CLANG_WARN_ENUM_CONVERSION = YES;
				CLANG_WARN_INFINITE_RECURSION = YES;
				CLANG_WARN_INT_CONVERSION = YES;
				CLANG_WARN_NON_LITERAL_NULL_CONVERSION = YES;
				CLANG_WARN_OBJC_IMPLICIT_RETAIN_SELF = YES;
				CLANG_WARN_OBJC_LITERAL_CONVERSION = YES;
				CLANG_WARN_OBJC_ROOT_CLASS = YES_ERROR;
				CLANG_WARN_RANGE_LOOP_ANALYSIS = YES;
				CLANG_WARN_STRICT_PROTOTYPES = YES;
				CLANG_WARN_SUSPICIOUS_MOVE = YES;
				CLANG_WARN_UNGUARDED_AVAILABILITY = YES_AGGRESSIVE;
				CLANG_WARN_UNREACHABLE_CODE = YES;
				CLANG_WARN__DUPLICATE_METHOD_MATCH = YES;
				CODE_SIGN_IDENTITY = "iPhone Developer";
				COPY_PHASE_STRIP = NO;
				DEBUG_INFORMATION_FORMAT = dwarf;
				ENABLE_STRICT_OBJC_MSGSEND = YES;
				ENABLE_TESTABILITY = YES;
				GCC_C_LANGUAGE_STANDARD = gnu11;
				GCC_DYNAMIC_NO_PIC = NO;
				GCC_NO_COMMON_BLOCKS = YES;
				GCC_OPTIMIZATION_LEVEL = 0;
				GCC_PREPROCESSOR_DEFINITIONS = (
					"DEBUG=1",
					"$(inherited)",
				);
				GCC_WARN_64_TO_32_BIT_CONVERSION = YES;
				GCC_WARN_ABOUT_RETURN_TYPE = YES_ERROR;
				GCC_WARN_UNDECLARED_SELECTOR = YES;
				GCC_WARN_UNINITIALIZED_AUTOS = YES_AGGRESSIVE;
				GCC_WARN_UNUSED_FUNCTION = YES;
				GCC_WARN_UNUSED_VARIABLE = YES;
				IPHONEOS_DEPLOYMENT_TARGET = 11.3;
				MTL_ENABLE_DEBUG_INFO = YES;
				ONLY_ACTIVE_ARCH = YES;
				SDKROOT = iphoneos;
				SWIFT_ACTIVE_COMPILATION_CONDITIONS = DEBUG;
				SWIFT_OPTIMIZATION_LEVEL = "-Onone";
			};
			name = Debug;
		};
		C479D9E120F9DF64007A6337 /* Release */ = {
			isa = XCBuildConfiguration;
			buildSettings = {
				ALWAYS_SEARCH_USER_PATHS = NO;
				CLANG_ANALYZER_NONNULL = YES;
				CLANG_ANALYZER_NUMBER_OBJECT_CONVERSION = YES_AGGRESSIVE;
				CLANG_CXX_LANGUAGE_STANDARD = "gnu++14";
				CLANG_CXX_LIBRARY = "libc++";
				CLANG_ENABLE_MODULES = YES;
				CLANG_ENABLE_OBJC_ARC = YES;
				CLANG_ENABLE_OBJC_WEAK = YES;
				CLANG_WARN_BLOCK_CAPTURE_AUTORELEASING = YES;
				CLANG_WARN_BOOL_CONVERSION = YES;
				CLANG_WARN_COMMA = YES;
				CLANG_WARN_CONSTANT_CONVERSION = YES;
				CLANG_WARN_DEPRECATED_OBJC_IMPLEMENTATIONS = YES;
				CLANG_WARN_DIRECT_OBJC_ISA_USAGE = YES_ERROR;
				CLANG_WARN_DOCUMENTATION_COMMENTS = YES;
				CLANG_WARN_EMPTY_BODY = YES;
				CLANG_WARN_ENUM_CONVERSION = YES;
				CLANG_WARN_INFINITE_RECURSION = YES;
				CLANG_WARN_INT_CONVERSION = YES;
				CLANG_WARN_NON_LITERAL_NULL_CONVERSION = YES;
				CLANG_WARN_OBJC_IMPLICIT_RETAIN_SELF = YES;
				CLANG_WARN_OBJC_LITERAL_CONVERSION = YES;
				CLANG_WARN_OBJC_ROOT_CLASS = YES_ERROR;
				CLANG_WARN_RANGE_LOOP_ANALYSIS = YES;
				CLANG_WARN_STRICT_PROTOTYPES = YES;
				CLANG_WARN_SUSPICIOUS_MOVE = YES;
				CLANG_WARN_UNGUARDED_AVAILABILITY = YES_AGGRESSIVE;
				CLANG_WARN_UNREACHABLE_CODE = YES;
				CLANG_WARN__DUPLICATE_METHOD_MATCH = YES;
				CODE_SIGN_IDENTITY = "iPhone Developer";
				COPY_PHASE_STRIP = NO;
				DEBUG_INFORMATION_FORMAT = "dwarf-with-dsym";
				ENABLE_NS_ASSERTIONS = NO;
				ENABLE_STRICT_OBJC_MSGSEND = YES;
				GCC_C_LANGUAGE_STANDARD = gnu11;
				GCC_NO_COMMON_BLOCKS = YES;
				GCC_WARN_64_TO_32_BIT_CONVERSION = YES;
				GCC_WARN_ABOUT_RETURN_TYPE = YES_ERROR;
				GCC_WARN_UNDECLARED_SELECTOR = YES;
				GCC_WARN_UNINITIALIZED_AUTOS = YES_AGGRESSIVE;
				GCC_WARN_UNUSED_FUNCTION = YES;
				GCC_WARN_UNUSED_VARIABLE = YES;
				IPHONEOS_DEPLOYMENT_TARGET = 11.3;
				MTL_ENABLE_DEBUG_INFO = NO;
				SDKROOT = iphoneos;
				SWIFT_COMPILATION_MODE = wholemodule;
				SWIFT_OPTIMIZATION_LEVEL = "-O";
				VALIDATE_PRODUCT = YES;
			};
			name = Release;
		};
		C479D9E320F9DF64007A6337 /* Debug */ = {
			isa = XCBuildConfiguration;
			baseConfigurationReference = C9B24A22BBC67BDA8E4CCF4A /* Pods-InstagramLBTA.debug.xcconfig */;
			buildSettings = {
				ASSETCATALOG_COMPILER_APPICON_NAME = AppIcon;
				CODE_SIGN_STYLE = Automatic;
				DEVELOPMENT_TEAM = 8W5LLV26X4;
				INFOPLIST_FILE = InstagramLBTA/Info.plist;
				LD_RUNPATH_SEARCH_PATHS = (
					"$(inherited)",
					"@executable_path/Frameworks",
				);
				PRODUCT_BUNDLE_IDENTIFIER = mlin.InstagramLBTA;
				PRODUCT_NAME = "$(TARGET_NAME)";
				SWIFT_VERSION = 4.0;
				TARGETED_DEVICE_FAMILY = "1,2";
			};
			name = Debug;
		};
		C479D9E420F9DF64007A6337 /* Release */ = {
			isa = XCBuildConfiguration;
			baseConfigurationReference = A00190621DFF473CFA620D3A /* Pods-InstagramLBTA.release.xcconfig */;
			buildSettings = {
				ASSETCATALOG_COMPILER_APPICON_NAME = AppIcon;
				CODE_SIGN_STYLE = Automatic;
				DEVELOPMENT_TEAM = 8W5LLV26X4;
				INFOPLIST_FILE = InstagramLBTA/Info.plist;
				LD_RUNPATH_SEARCH_PATHS = (
					"$(inherited)",
					"@executable_path/Frameworks",
				);
				PRODUCT_BUNDLE_IDENTIFIER = mlin.InstagramLBTA;
				PRODUCT_NAME = "$(TARGET_NAME)";
				SWIFT_VERSION = 4.0;
				TARGETED_DEVICE_FAMILY = "1,2";
			};
			name = Release;
		};
/* End XCBuildConfiguration section */

/* Begin XCConfigurationList section */
		C479D9CB20F9DF5C007A6337 /* Build configuration list for PBXProject "InstagramLBTA" */ = {
			isa = XCConfigurationList;
			buildConfigurations = (
				C479D9E020F9DF64007A6337 /* Debug */,
				C479D9E120F9DF64007A6337 /* Release */,
			);
			defaultConfigurationIsVisible = 0;
			defaultConfigurationName = Release;
		};
		C479D9E220F9DF64007A6337 /* Build configuration list for PBXNativeTarget "InstagramLBTA" */ = {
			isa = XCConfigurationList;
			buildConfigurations = (
				C479D9E320F9DF64007A6337 /* Debug */,
				C479D9E420F9DF64007A6337 /* Release */,
			);
			defaultConfigurationIsVisible = 0;
			defaultConfigurationName = Release;
		};
/* End XCConfigurationList section */
	};
	rootObject = C479D9C820F9DF5C007A6337 /* Project object */;
}
